
Microsoft Visual Studio Solution File, Format Version 12.00
# Visual Studio Version 17
VisualStudioVersion = 17.4.33110.190
MinimumVisualStudioVersion = 10.0.40219.1
Project("{9A19103F-16F7-4668-BE54-9A1E7A4F7556}") = "LeaveManagement.Web", "LeaveManagement.Web\LeaveManagement.Web.csproj", "{D1F99DB5-5F11-44A0-96BF-474CE8D89F85}"
EndProject
Global
	GlobalSection(SolutionConfigurationPlatforms) = preSolution
		Debug|Any CPU = Debug|Any CPU
		Release|Any CPU = Release|Any CPU
	EndGlobalSection
	GlobalSection(ProjectConfigurationPlatforms) = postSolution
		{D1F99DB5-5F11-44A0-96BF-474CE8D89F85}.Debug|Any CPU.ActiveCfg = Debug|Any CPU
		{D1F99DB5-5F11-44A0-96BF-474CE8D89F85}.Debug|Any CPU.Build.0 = Debug|Any CPU
		{D1F99DB5-5F11-44A0-96BF-474CE8D89F85}.Release|Any CPU.ActiveCfg = Release|Any CPU
		{D1F99DB5-5F11-44A0-96BF-474CE8D89F85}.Release|Any CPU.Build.0 = Release|Any CPU
	EndGlobalSection
	GlobalSection(SolutionProperties) = preSolution
		HideSolutionNode = FALSE
	EndGlobalSection
	GlobalSection(ExtensibilityGlobals) = postSolution
		SolutionGuid = {EE0E2169-9E55-410E-86BF-9C173C7D5B35}
	EndGlobalSection
EndGlobal
